
Microsoft Visual Studio Solution File, Format Version 12.00
# Visual Studio Version 16
VisualStudioVersion = 16.0.31105.61
MinimumVisualStudioVersion = 10.0.40219.1
Project("{FAE04EC0-301F-11D3-BF4B-00C04F79EFBC}") = "color-blaster-mvc", "color-blaster-mvc\color-blaster-mvc.csproj", "{703B4C94-FC40-424D-BC85-BD056EB8F7A4}"
EndProject
Global
	GlobalSection(SolutionConfigurationPlatforms) = preSolution
		Debug|Any CPU = Debug|Any CPU
		Release|Any CPU = Release|Any CPU
	EndGlobalSection
	GlobalSection(ProjectConfigurationPlatforms) = postSolution
		{703B4C94-FC40-424D-BC85-BD056EB8F7A4}.Debug|Any CPU.ActiveCfg = Debug|Any CPU
		{703B4C94-FC40-424D-BC85-BD056EB8F7A4}.Debug|Any CPU.Build.0 = Debug|Any CPU
		{703B4C94-FC40-424D-BC85-BD056EB8F7A4}.Release|Any CPU.ActiveCfg = Release|Any CPU
		{703B4C94-FC40-424D-BC85-BD056EB8F7A4}.Release|Any CPU.Build.0 = Release|Any CPU
	EndGlobalSection
	GlobalSection(SolutionProperties) = preSolution
		HideSolutionNode = FALSE
	EndGlobalSection
	GlobalSection(ExtensibilityGlobals) = postSolution
		SolutionGuid = {1C587F87-46AE-43A2-8EE5-C9E7690AA592}
	EndGlobalSection
EndGlobal
